// !$*UTF8*$!
{
	archiveVersion = 1;
	classes = {
	};
	objectVersion = 50;
	objects = {

/* Begin PBXBuildFile section */
		7204323023048B8E00E201F0 /* TableDataProvider.swift in Sources */ = {isa = PBXBuildFile; fileRef = 7204322F23048B8E00E201F0 /* TableDataProvider.swift */; };
		720432322304C2D500E201F0 /* StringDataCell.swift in Sources */ = {isa = PBXBuildFile; fileRef = 720432312304C2D500E201F0 /* StringDataCell.swift */; };
		720432372304CC8200E201F0 /* UITableVC.swift in Sources */ = {isa = PBXBuildFile; fileRef = 720432362304CC8200E201F0 /* UITableVC.swift */; };
		724CEE0922E8D07100650499 /* AppleCore.framework in Frameworks */ = {isa = PBXBuildFile; fileRef = 724CEDFF22E8D07100650499 /* AppleCore.framework */; };
		724CEE0E22E8D07100650499 /* AppleCoreTests.swift in Sources */ = {isa = PBXBuildFile; fileRef = 724CEE0D22E8D07100650499 /* AppleCoreTests.swift */; };
		724CEE1022E8D07100650499 /* AppleCore.h in Headers */ = {isa = PBXBuildFile; fileRef = 724CEE0222E8D07100650499 /* AppleCore.h */; settings = {ATTRIBUTES = (Public, ); }; };
		724CEE3522E8D0E100650499 /* DataObject.swift in Sources */ = {isa = PBXBuildFile; fileRef = 724CEE1B22E8D0E100650499 /* DataObject.swift */; };
		724CEE3622E8D0E100650499 /* UIColor+Hex.swift in Sources */ = {isa = PBXBuildFile; fileRef = 724CEE1E22E8D0E100650499 /* UIColor+Hex.swift */; };
		724CEE3722E8D0E100650499 /* UIAlertActionX.swift in Sources */ = {isa = PBXBuildFile; fileRef = 724CEE1F22E8D0E100650499 /* UIAlertActionX.swift */; };
		724CEE3822E8D0E100650499 /* UIView+Anchor.swift in Sources */ = {isa = PBXBuildFile; fileRef = 724CEE2022E8D0E100650499 /* UIView+Anchor.swift */; };
		724CEE3922E8D0E100650499 /* UIDevice+VendorId.swift in Sources */ = {isa = PBXBuildFile; fileRef = 724CEE2122E8D0E100650499 /* UIDevice+VendorId.swift */; };
		724CEE3A22E8D0E100650499 /* UIView+Shake.swift in Sources */ = {isa = PBXBuildFile; fileRef = 724CEE2222E8D0E100650499 /* UIView+Shake.swift */; };
		724CEE3B22E8D0E100650499 /* UIAlertController+Show.swift in Sources */ = {isa = PBXBuildFile; fileRef = 724CEE2322E8D0E100650499 /* UIAlertController+Show.swift */; };
		724CEE3C22E8D0E100650499 /* DispatchTime+Later.swift in Sources */ = {isa = PBXBuildFile; fileRef = 724CEE2522E8D0E100650499 /* DispatchTime+Later.swift */; };
		724CEE3D22E8D0E100650499 /* NSNumberX.swift in Sources */ = {isa = PBXBuildFile; fileRef = 724CEE2622E8D0E100650499 /* NSNumberX.swift */; };
		724CEE3E22E8D0E100650499 /* NSObject+ClassName.swift in Sources */ = {isa = PBXBuildFile; fileRef = 724CEE2722E8D0E100650499 /* NSObject+ClassName.swift */; };
		724CEE3F22E8D0E100650499 /* Bundle+Version.swift in Sources */ = {isa = PBXBuildFile; fileRef = 724CEE2822E8D0E100650499 /* Bundle+Version.swift */; };
		724CEE4022E8D0E100650499 /* DateX.swift in Sources */ = {isa = PBXBuildFile; fileRef = 724CEE2922E8D0E100650499 /* DateX.swift */; };
		724CEE4122E8D0E100650499 /* NSError+Simple.swift in Sources */ = {isa = PBXBuildFile; fileRef = 724CEE2A22E8D0E100650499 /* NSError+Simple.swift */; };
		724CEE4222E8D0E100650499 /* String+Append.swift in Sources */ = {isa = PBXBuildFile; fileRef = 724CEE2B22E8D0E100650499 /* String+Append.swift */; };
		724CEE4322E8D0E100650499 /* String+Trim.swift in Sources */ = {isa = PBXBuildFile; fileRef = 724CEE2C22E8D0E100650499 /* String+Trim.swift */; };
		724CEE4422E8D0E100650499 /* NumberFormatter+Money.swift in Sources */ = {isa = PBXBuildFile; fileRef = 724CEE2D22E8D0E100650499 /* NumberFormatter+Money.swift */; };
		724CEE4522E8D0E100650499 /* String+Validation.swift in Sources */ = {isa = PBXBuildFile; fileRef = 724CEE2E22E8D0E100650499 /* String+Validation.swift */; };
		724CEE4622E8D0E100650499 /* NSNumber+Money.swift in Sources */ = {isa = PBXBuildFile; fileRef = 724CEE2F22E8D0E100650499 /* NSNumber+Money.swift */; };
		724CEE4722E8D0E100650499 /* BioMetricError.swift in Sources */ = {isa = PBXBuildFile; fileRef = 724CEE3122E8D0E100650499 /* BioMetricError.swift */; };
		724CEE4822E8D0E100650499 /* BioMetricId.swift in Sources */ = {isa = PBXBuildFile; fileRef = 724CEE3222E8D0E100650499 /* BioMetricId.swift */; };
		724CEE4922E8D0E100650499 /* ResultCallback.swift in Sources */ = {isa = PBXBuildFile; fileRef = 724CEE3322E8D0E100650499 /* ResultCallback.swift */; };
		72A2338C22F8D6D500C76273 /* CollectionDataProvider.swift in Sources */ = {isa = PBXBuildFile; fileRef = 72A2338B22F8D6D500C76273 /* CollectionDataProvider.swift */; };
		72A2339F22FA36F900C76273 /* UIViewController+NaviBarHeight.swift in Sources */ = {isa = PBXBuildFile; fileRef = 72A2339E22FA36F900C76273 /* UIViewController+NaviBarHeight.swift */; };
/* End PBXBuildFile section */

/* Begin PBXContainerItemProxy section */
		724CEE0A22E8D07100650499 /* PBXContainerItemProxy */ = {
			isa = PBXContainerItemProxy;
			containerPortal = 724CEDF622E8D07100650499 /* Project object */;
			proxyType = 1;
			remoteGlobalIDString = 724CEDFE22E8D07100650499;
			remoteInfo = AppleCore;
		};
/* End PBXContainerItemProxy section */

/* Begin PBXFileReference section */
		7204322F23048B8E00E201F0 /* TableDataProvider.swift */ = {isa = PBXFileReference; lastKnownFileType = sourcecode.swift; path = TableDataProvider.swift; sourceTree = "<group>"; };
		720432312304C2D500E201F0 /* StringDataCell.swift */ = {isa = PBXFileReference; lastKnownFileType = sourcecode.swift; path = StringDataCell.swift; sourceTree = "<group>"; };
		720432362304CC8200E201F0 /* UITableVC.swift */ = {isa = PBXFileReference; lastKnownFileType = sourcecode.swift; path = UITableVC.swift; sourceTree = "<group>"; };
		724CEDFF22E8D07100650499 /* AppleCore.framework */ = {isa = PBXFileReference; explicitFileType = wrapper.framework; includeInIndex = 0; path = AppleCore.framework; sourceTree = BUILT_PRODUCTS_DIR; };
		724CEE0222E8D07100650499 /* AppleCore.h */ = {isa = PBXFileReference; lastKnownFileType = sourcecode.c.h; path = AppleCore.h; sourceTree = "<group>"; };
		724CEE0322E8D07100650499 /* Info.plist */ = {isa = PBXFileReference; lastKnownFileType = text.plist.xml; path = Info.plist; sourceTree = "<group>"; };
		724CEE0822E8D07100650499 /* AppleCoreTests.xctest */ = {isa = PBXFileReference; explicitFileType = wrapper.cfbundle; includeInIndex = 0; path = AppleCoreTests.xctest; sourceTree = BUILT_PRODUCTS_DIR; };
		724CEE0D22E8D07100650499 /* AppleCoreTests.swift */ = {isa = PBXFileReference; lastKnownFileType = sourcecode.swift; path = AppleCoreTests.swift; sourceTree = "<group>"; };
		724CEE0F22E8D07100650499 /* Info.plist */ = {isa = PBXFileReference; lastKnownFileType = text.plist.xml; path = Info.plist; sourceTree = "<group>"; };
		724CEE1B22E8D0E100650499 /* DataObject.swift */ = {isa = PBXFileReference; fileEncoding = 4; lastKnownFileType = sourcecode.swift; path = DataObject.swift; sourceTree = "<group>"; };
		724CEE1E22E8D0E100650499 /* UIColor+Hex.swift */ = {isa = PBXFileReference; fileEncoding = 4; lastKnownFileType = sourcecode.swift; path = "UIColor+Hex.swift"; sourceTree = "<group>"; };
		724CEE1F22E8D0E100650499 /* UIAlertActionX.swift */ = {isa = PBXFileReference; fileEncoding = 4; lastKnownFileType = sourcecode.swift; path = UIAlertActionX.swift; sourceTree = "<group>"; };
		724CEE2022E8D0E100650499 /* UIView+Anchor.swift */ = {isa = PBXFileReference; fileEncoding = 4; lastKnownFileType = sourcecode.swift; path = "UIView+Anchor.swift"; sourceTree = "<group>"; };
		724CEE2122E8D0E100650499 /* UIDevice+VendorId.swift */ = {isa = PBXFileReference; fileEncoding = 4; lastKnownFileType = sourcecode.swift; path = "UIDevice+VendorId.swift"; sourceTree = "<group>"; };
		724CEE2222E8D0E100650499 /* UIView+Shake.swift */ = {isa = PBXFileReference; fileEncoding = 4; lastKnownFileType = sourcecode.swift; path = "UIView+Shake.swift"; sourceTree = "<group>"; };
		724CEE2322E8D0E100650499 /* UIAlertController+Show.swift */ = {isa = PBXFileReference; fileEncoding = 4; lastKnownFileType = sourcecode.swift; path = "UIAlertController+Show.swift"; sourceTree = "<group>"; };
		724CEE2522E8D0E100650499 /* DispatchTime+Later.swift */ = {isa = PBXFileReference; fileEncoding = 4; lastKnownFileType = sourcecode.swift; path = "DispatchTime+Later.swift"; sourceTree = "<group>"; };
		724CEE2622E8D0E100650499 /* NSNumberX.swift */ = {isa = PBXFileReference; fileEncoding = 4; lastKnownFileType = sourcecode.swift; path = NSNumberX.swift; sourceTree = "<group>"; };
		724CEE2722E8D0E100650499 /* NSObject+ClassName.swift */ = {isa = PBXFileReference; fileEncoding = 4; lastKnownFileType = sourcecode.swift; path = "NSObject+ClassName.swift"; sourceTree = "<group>"; };
		724CEE2822E8D0E100650499 /* Bundle+Version.swift */ = {isa = PBXFileReference; fileEncoding = 4; lastKnownFileType = sourcecode.swift; path = "Bundle+Version.swift"; sourceTree = "<group>"; };
		724CEE2922E8D0E100650499 /* DateX.swift */ = {isa = PBXFileReference; fileEncoding = 4; lastKnownFileType = sourcecode.swift; path = DateX.swift; sourceTree = "<group>"; };
		724CEE2A22E8D0E100650499 /* NSError+Simple.swift */ = {isa = PBXFileReference; fileEncoding = 4; lastKnownFileType = sourcecode.swift; path = "NSError+Simple.swift"; sourceTree = "<group>"; };
		724CEE2B22E8D0E100650499 /* String+Append.swift */ = {isa = PBXFileReference; fileEncoding = 4; lastKnownFileType = sourcecode.swift; path = "String+Append.swift"; sourceTree = "<group>"; };
		724CEE2C22E8D0E100650499 /* String+Trim.swift */ = {isa = PBXFileReference; fileEncoding = 4; lastKnownFileType = sourcecode.swift; path = "String+Trim.swift"; sourceTree = "<group>"; };
		724CEE2D22E8D0E100650499 /* NumberFormatter+Money.swift */ = {isa = PBXFileReference; fileEncoding = 4; lastKnownFileType = sourcecode.swift; path = "NumberFormatter+Money.swift"; sourceTree = "<group>"; };
		724CEE2E22E8D0E100650499 /* String+Validation.swift */ = {isa = PBXFileReference; fileEncoding = 4; lastKnownFileType = sourcecode.swift; path = "String+Validation.swift"; sourceTree = "<group>"; };
		724CEE2F22E8D0E100650499 /* NSNumber+Money.swift */ = {isa = PBXFileReference; fileEncoding = 4; lastKnownFileType = sourcecode.swift; path = "NSNumber+Money.swift"; sourceTree = "<group>"; };
		724CEE3122E8D0E100650499 /* BioMetricError.swift */ = {isa = PBXFileReference; fileEncoding = 4; lastKnownFileType = sourcecode.swift; path = BioMetricError.swift; sourceTree = "<group>"; };
		724CEE3222E8D0E100650499 /* BioMetricId.swift */ = {isa = PBXFileReference; fileEncoding = 4; lastKnownFileType = sourcecode.swift; path = BioMetricId.swift; sourceTree = "<group>"; };
		724CEE3322E8D0E100650499 /* ResultCallback.swift */ = {isa = PBXFileReference; fileEncoding = 4; lastKnownFileType = sourcecode.swift; path = ResultCallback.swift; sourceTree = "<group>"; };
		72A2338B22F8D6D500C76273 /* CollectionDataProvider.swift */ = {isa = PBXFileReference; fileEncoding = 4; lastKnownFileType = sourcecode.swift; path = CollectionDataProvider.swift; sourceTree = "<group>"; };
		72A2339E22FA36F900C76273 /* UIViewController+NaviBarHeight.swift */ = {isa = PBXFileReference; lastKnownFileType = sourcecode.swift; path = "UIViewController+NaviBarHeight.swift"; sourceTree = "<group>"; };
/* End PBXFileReference section */

/* Begin PBXFrameworksBuildPhase section */
		724CEDFC22E8D07100650499 /* Frameworks */ = {
			isa = PBXFrameworksBuildPhase;
			buildActionMask = 2147483647;
			files = (
			);
			runOnlyForDeploymentPostprocessing = 0;
		};
		724CEE0522E8D07100650499 /* Frameworks */ = {
			isa = PBXFrameworksBuildPhase;
			buildActionMask = 2147483647;
			files = (
				724CEE0922E8D07100650499 /* AppleCore.framework in Frameworks */,
			);
			runOnlyForDeploymentPostprocessing = 0;
		};
/* End PBXFrameworksBuildPhase section */

/* Begin PBXGroup section */
		720432332304C2E700E201F0 /* Extensions */ = {
			isa = PBXGroup;
			children = (
				724CEE1F22E8D0E100650499 /* UIAlertActionX.swift */,
				724CEE2322E8D0E100650499 /* UIAlertController+Show.swift */,
				724CEE1E22E8D0E100650499 /* UIColor+Hex.swift */,
				724CEE2122E8D0E100650499 /* UIDevice+VendorId.swift */,
				724CEE2022E8D0E100650499 /* UIView+Anchor.swift */,
				724CEE2222E8D0E100650499 /* UIView+Shake.swift */,
				72A2339E22FA36F900C76273 /* UIViewController+NaviBarHeight.swift */,
			);
			path = Extensions;
			sourceTree = "<group>";
		};
		720432342304C2F500E201F0 /* TableView */ = {
			isa = PBXGroup;
			children = (
				720432312304C2D500E201F0 /* StringDataCell.swift */,
				7204322F23048B8E00E201F0 /* TableDataProvider.swift */,
				720432362304CC8200E201F0 /* UITableVC.swift */,
			);
			path = TableView;
			sourceTree = "<group>";
		};
		720432352304C30A00E201F0 /* CollectionView */ = {
			isa = PBXGroup;
			children = (
				72A2338B22F8D6D500C76273 /* CollectionDataProvider.swift */,
			);
			path = CollectionView;
			sourceTree = "<group>";
		};
		724CEDF522E8D07100650499 = {
			isa = PBXGroup;
			children = (
				724CEE0122E8D07100650499 /* AppleCore */,
				724CEE0C22E8D07100650499 /* AppleCoreTests */,
				724CEE0022E8D07100650499 /* Products */,
			);
			sourceTree = "<group>";
		};
		724CEE0022E8D07100650499 /* Products */ = {
			isa = PBXGroup;
			children = (
				724CEDFF22E8D07100650499 /* AppleCore.framework */,
				724CEE0822E8D07100650499 /* AppleCoreTests.xctest */,
			);
			name = Products;
			sourceTree = "<group>";
		};
		724CEE0122E8D07100650499 /* AppleCore */ = {
			isa = PBXGroup;
			children = (
				724CEE0222E8D07100650499 /* AppleCore.h */,
				724CEE0322E8D07100650499 /* Info.plist */,
				724CEE1922E8D0E100650499 /* Utilities */,
			);
			path = AppleCore;
			sourceTree = "<group>";
		};
		724CEE0C22E8D07100650499 /* AppleCoreTests */ = {
			isa = PBXGroup;
			children = (
				724CEE0D22E8D07100650499 /* AppleCoreTests.swift */,
				724CEE0F22E8D07100650499 /* Info.plist */,
			);
			path = AppleCoreTests;
			sourceTree = "<group>";
		};
		724CEE1922E8D0E100650499 /* Utilities */ = {
			isa = PBXGroup;
			children = (
				724CEE3022E8D0E100650499 /* BioMetric */,
				724CEE1C22E8D0E100650499 /* Extensions */,
				724CEE1B22E8D0E100650499 /* DataObject.swift */,
				724CEE3322E8D0E100650499 /* ResultCallback.swift */,
			);
			path = Utilities;
			sourceTree = "<group>";
		};
		724CEE1C22E8D0E100650499 /* Extensions */ = {
			isa = PBXGroup;
			children = (
				724CEE1D22E8D0E100650499 /* UIKit */,
				724CEE2422E8D0E100650499 /* Foundation */,
			);
			path = Extensions;
			sourceTree = "<group>";
		};
		724CEE1D22E8D0E100650499 /* UIKit */ = {
			isa = PBXGroup;
			children = (
				720432352304C30A00E201F0 /* CollectionView */,
				720432342304C2F500E201F0 /* TableView */,
				720432332304C2E700E201F0 /* Extensions */,
			);
			path = UIKit;
			sourceTree = "<group>";
		};
		724CEE2422E8D0E100650499 /* Foundation */ = {
			isa = PBXGroup;
			children = (
				724CEE2522E8D0E100650499 /* DispatchTime+Later.swift */,
				724CEE2622E8D0E100650499 /* NSNumberX.swift */,
				724CEE2722E8D0E100650499 /* NSObject+ClassName.swift */,
				724CEE2822E8D0E100650499 /* Bundle+Version.swift */,
				724CEE2922E8D0E100650499 /* DateX.swift */,
				724CEE2A22E8D0E100650499 /* NSError+Simple.swift */,
				724CEE2B22E8D0E100650499 /* String+Append.swift */,
				724CEE2C22E8D0E100650499 /* String+Trim.swift */,
				724CEE2D22E8D0E100650499 /* NumberFormatter+Money.swift */,
				724CEE2E22E8D0E100650499 /* String+Validation.swift */,
				724CEE2F22E8D0E100650499 /* NSNumber+Money.swift */,
			);
			path = Foundation;
			sourceTree = "<group>";
		};
		724CEE3022E8D0E100650499 /* BioMetric */ = {
			isa = PBXGroup;
			children = (
				724CEE3122E8D0E100650499 /* BioMetricError.swift */,
				724CEE3222E8D0E100650499 /* BioMetricId.swift */,
			);
			path = BioMetric;
			sourceTree = "<group>";
		};
/* End PBXGroup section */

/* Begin PBXHeadersBuildPhase section */
		724CEDFA22E8D07100650499 /* Headers */ = {
			isa = PBXHeadersBuildPhase;
			buildActionMask = 2147483647;
			files = (
				724CEE1022E8D07100650499 /* AppleCore.h in Headers */,
			);
			runOnlyForDeploymentPostprocessing = 0;
		};
/* End PBXHeadersBuildPhase section */

/* Begin PBXNativeTarget section */
		724CEDFE22E8D07100650499 /* AppleCore */ = {
			isa = PBXNativeTarget;
			buildConfigurationList = 724CEE1322E8D07100650499 /* Build configuration list for PBXNativeTarget "AppleCore" */;
			buildPhases = (
				724CEDFA22E8D07100650499 /* Headers */,
				724CEDFB22E8D07100650499 /* Sources */,
				724CEDFC22E8D07100650499 /* Frameworks */,
				724CEDFD22E8D07100650499 /* Resources */,
			);
			buildRules = (
			);
			dependencies = (
			);
			name = AppleCore;
			productName = AppleCore;
			productReference = 724CEDFF22E8D07100650499 /* AppleCore.framework */;
			productType = "com.apple.product-type.framework";
		};
		724CEE0722E8D07100650499 /* AppleCoreTests */ = {
			isa = PBXNativeTarget;
			buildConfigurationList = 724CEE1622E8D07100650499 /* Build configuration list for PBXNativeTarget "AppleCoreTests" */;
			buildPhases = (
				724CEE0422E8D07100650499 /* Sources */,
				724CEE0522E8D07100650499 /* Frameworks */,
				724CEE0622E8D07100650499 /* Resources */,
			);
			buildRules = (
			);
			dependencies = (
				724CEE0B22E8D07100650499 /* PBXTargetDependency */,
			);
			name = AppleCoreTests;
			productName = AppleCoreTests;
			productReference = 724CEE0822E8D07100650499 /* AppleCoreTests.xctest */;
			productType = "com.apple.product-type.bundle.unit-test";
		};
/* End PBXNativeTarget section */

/* Begin PBXProject section */
		724CEDF622E8D07100650499 /* Project object */ = {
			isa = PBXProject;
			attributes = {
				LastSwiftUpdateCheck = 1030;
				LastUpgradeCheck = 1030;
				ORGANIZATIONNAME = "talech Inc.";
				TargetAttributes = {
					724CEDFE22E8D07100650499 = {
						CreatedOnToolsVersion = 10.3;
					};
					724CEE0722E8D07100650499 = {
						CreatedOnToolsVersion = 10.3;
					};
				};
			};
			buildConfigurationList = 724CEDF922E8D07100650499 /* Build configuration list for PBXProject "AppleCore" */;
			compatibilityVersion = "Xcode 9.3";
			developmentRegion = en;
			hasScannedForEncodings = 0;
			knownRegions = (
				en,
			);
			mainGroup = 724CEDF522E8D07100650499;
			productRefGroup = 724CEE0022E8D07100650499 /* Products */;
			projectDirPath = "";
			projectRoot = "";
			targets = (
				724CEDFE22E8D07100650499 /* AppleCore */,
				724CEE0722E8D07100650499 /* AppleCoreTests */,
			);
		};
/* End PBXProject section */

/* Begin PBXResourcesBuildPhase section */
		724CEDFD22E8D07100650499 /* Resources */ = {
			isa = PBXResourcesBuildPhase;
			buildActionMask = 2147483647;
			files = (
			);
			runOnlyForDeploymentPostprocessing = 0;
		};
		724CEE0622E8D07100650499 /* Resources */ = {
			isa = PBXResourcesBuildPhase;
			buildActionMask = 2147483647;
			files = (
			);
			runOnlyForDeploymentPostprocessing = 0;
		};
/* End PBXResourcesBuildPhase section */

/* Begin PBXSourcesBuildPhase section */
		724CEDFB22E8D07100650499 /* Sources */ = {
			isa = PBXSourcesBuildPhase;
			buildActionMask = 2147483647;
			files = (
				720432322304C2D500E201F0 /* StringDataCell.swift in Sources */,
				724CEE3622E8D0E100650499 /* UIColor+Hex.swift in Sources */,
				724CEE3522E8D0E100650499 /* DataObject.swift in Sources */,
				724CEE3D22E8D0E100650499 /* NSNumberX.swift in Sources */,
				724CEE4922E8D0E100650499 /* ResultCallback.swift in Sources */,
				724CEE4722E8D0E100650499 /* BioMetricError.swift in Sources */,
				724CEE4422E8D0E100650499 /* NumberFormatter+Money.swift in Sources */,
				724CEE4022E8D0E100650499 /* DateX.swift in Sources */,
				724CEE3A22E8D0E100650499 /* UIView+Shake.swift in Sources */,
				724CEE3722E8D0E100650499 /* UIAlertActionX.swift in Sources */,
				724CEE4122E8D0E100650499 /* NSError+Simple.swift in Sources */,
				720432372304CC8200E201F0 /* UITableVC.swift in Sources */,
				72A2339F22FA36F900C76273 /* UIViewController+NaviBarHeight.swift in Sources */,
				724CEE4522E8D0E100650499 /* String+Validation.swift in Sources */,
				724CEE4822E8D0E100650499 /* BioMetricId.swift in Sources */,
				724CEE4622E8D0E100650499 /* NSNumber+Money.swift in Sources */,
				7204323023048B8E00E201F0 /* TableDataProvider.swift in Sources */,
				724CEE3E22E8D0E100650499 /* NSObject+ClassName.swift in Sources */,
				724CEE4222E8D0E100650499 /* String+Append.swift in Sources */,
				724CEE4322E8D0E100650499 /* String+Trim.swift in Sources */,
				72A2338C22F8D6D500C76273 /* CollectionDataProvider.swift in Sources */,
				724CEE3B22E8D0E100650499 /* UIAlertController+Show.swift in Sources */,
				724CEE3C22E8D0E100650499 /* DispatchTime+Later.swift in Sources */,
				724CEE3922E8D0E100650499 /* UIDevice+VendorId.swift in Sources */,
				724CEE3F22E8D0E100650499 /* Bundle+Version.swift in Sources */,
				724CEE3822E8D0E100650499 /* UIView+Anchor.swift in Sources */,
			);
			runOnlyForDeploymentPostprocessing = 0;
		};
		724CEE0422E8D07100650499 /* Sources */ = {
			isa = PBXSourcesBuildPhase;
			buildActionMask = 2147483647;
			files = (
				724CEE0E22E8D07100650499 /* AppleCoreTests.swift in Sources */,
			);
			runOnlyForDeploymentPostprocessing = 0;
		};
/* End PBXSourcesBuildPhase section */

/* Begin PBXTargetDependency section */
		724CEE0B22E8D07100650499 /* PBXTargetDependency */ = {
			isa = PBXTargetDependency;
			target = 724CEDFE22E8D07100650499 /* AppleCore */;
			targetProxy = 724CEE0A22E8D07100650499 /* PBXContainerItemProxy */;
		};
/* End PBXTargetDependency section */

/* Begin XCBuildConfiguration section */
		724CEE1122E8D07100650499 /* Debug */ = {
			isa = XCBuildConfiguration;
			buildSettings = {
				ALWAYS_SEARCH_USER_PATHS = NO;
				CLANG_ANALYZER_NONNULL = YES;
				CLANG_ANALYZER_NUMBER_OBJECT_CONVERSION = YES_AGGRESSIVE;
				CLANG_CXX_LANGUAGE_STANDARD = "gnu++14";
				CLANG_CXX_LIBRARY = "libc++";
				CLANG_ENABLE_MODULES = YES;
				CLANG_ENABLE_OBJC_ARC = YES;
				CLANG_ENABLE_OBJC_WEAK = YES;
				CLANG_WARN_BLOCK_CAPTURE_AUTORELEASING = YES;
				CLANG_WARN_BOOL_CONVERSION = YES;
				CLANG_WARN_COMMA = YES;
				CLANG_WARN_CONSTANT_CONVERSION = YES;
				CLANG_WARN_DEPRECATED_OBJC_IMPLEMENTATIONS = YES;
				CLANG_WARN_DIRECT_OBJC_ISA_USAGE = YES_ERROR;
				CLANG_WARN_DOCUMENTATION_COMMENTS = YES;
				CLANG_WARN_EMPTY_BODY = YES;
				CLANG_WARN_ENUM_CONVERSION = YES;
				CLANG_WARN_INFINITE_RECURSION = YES;
				CLANG_WARN_INT_CONVERSION = YES;
				CLANG_WARN_NON_LITERAL_NULL_CONVERSION = YES;
				CLANG_WARN_OBJC_IMPLICIT_RETAIN_SELF = YES;
				CLANG_WARN_OBJC_LITERAL_CONVERSION = YES;
				CLANG_WARN_OBJC_ROOT_CLASS = YES_ERROR;
				CLANG_WARN_RANGE_LOOP_ANALYSIS = YES;
				CLANG_WARN_STRICT_PROTOTYPES = YES;
				CLANG_WARN_SUSPICIOUS_MOVE = YES;
				CLANG_WARN_UNGUARDED_AVAILABILITY = YES_AGGRESSIVE;
				CLANG_WARN_UNREACHABLE_CODE = YES;
				CLANG_WARN__DUPLICATE_METHOD_MATCH = YES;
				CODE_SIGN_IDENTITY = "iPhone Developer";
				COPY_PHASE_STRIP = NO;
				CURRENT_PROJECT_VERSION = 1;
				DEBUG_INFORMATION_FORMAT = dwarf;
				ENABLE_STRICT_OBJC_MSGSEND = YES;
				ENABLE_TESTABILITY = YES;
				GCC_C_LANGUAGE_STANDARD = gnu11;
				GCC_DYNAMIC_NO_PIC = NO;
				GCC_NO_COMMON_BLOCKS = YES;
				GCC_OPTIMIZATION_LEVEL = 0;
				GCC_PREPROCESSOR_DEFINITIONS = (
					"DEBUG=1",
					"$(inherited)",
				);
				GCC_WARN_64_TO_32_BIT_CONVERSION = YES;
				GCC_WARN_ABOUT_RETURN_TYPE = YES_ERROR;
				GCC_WARN_UNDECLARED_SELECTOR = YES;
				GCC_WARN_UNINITIALIZED_AUTOS = YES_AGGRESSIVE;
				GCC_WARN_UNUSED_FUNCTION = YES;
				GCC_WARN_UNUSED_VARIABLE = YES;
				IPHONEOS_DEPLOYMENT_TARGET = 11.0;
				MTL_ENABLE_DEBUG_INFO = INCLUDE_SOURCE;
				MTL_FAST_MATH = YES;
				ONLY_ACTIVE_ARCH = YES;
				SDKROOT = iphoneos;
				SWIFT_ACTIVE_COMPILATION_CONDITIONS = DEBUG;
				SWIFT_OPTIMIZATION_LEVEL = "-Onone";
				VERSIONING_SYSTEM = "apple-generic";
				VERSION_INFO_PREFIX = "";
			};
			name = Debug;
		};
		724CEE1222E8D07100650499 /* Release */ = {
			isa = XCBuildConfiguration;
			buildSettings = {
				ALWAYS_SEARCH_USER_PATHS = NO;
				CLANG_ANALYZER_NONNULL = YES;
				CLANG_ANALYZER_NUMBER_OBJECT_CONVERSION = YES_AGGRESSIVE;
				CLANG_CXX_LANGUAGE_STANDARD = "gnu++14";
				CLANG_CXX_LIBRARY = "libc++";
				CLANG_ENABLE_MODULES = YES;
				CLANG_ENABLE_OBJC_ARC = YES;
				CLANG_ENABLE_OBJC_WEAK = YES;
				CLANG_WARN_BLOCK_CAPTURE_AUTORELEASING = YES;
				CLANG_WARN_BOOL_CONVERSION = YES;
				CLANG_WARN_COMMA = YES;
				CLANG_WARN_CONSTANT_CONVERSION = YES;
				CLANG_WARN_DEPRECATED_OBJC_IMPLEMENTATIONS = YES;
				CLANG_WARN_DIRECT_OBJC_ISA_USAGE = YES_ERROR;
				CLANG_WARN_DOCUMENTATION_COMMENTS = YES;
				CLANG_WARN_EMPTY_BODY = YES;
				CLANG_WARN_ENUM_CONVERSION = YES;
				CLANG_WARN_INFINITE_RECURSION = YES;
				CLANG_WARN_INT_CONVERSION = YES;
				CLANG_WARN_NON_LITERAL_NULL_CONVERSION = YES;
				CLANG_WARN_OBJC_IMPLICIT_RETAIN_SELF = YES;
				CLANG_WARN_OBJC_LITERAL_CONVERSION = YES;
				CLANG_WARN_OBJC_ROOT_CLASS = YES_ERROR;
				CLANG_WARN_RANGE_LOOP_ANALYSIS = YES;
				CLANG_WARN_STRICT_PROTOTYPES = YES;
				CLANG_WARN_SUSPICIOUS_MOVE = YES;
				CLANG_WARN_UNGUARDED_AVAILABILITY = YES_AGGRESSIVE;
				CLANG_WARN_UNREACHABLE_CODE = YES;
				CLANG_WARN__DUPLICATE_METHOD_MATCH = YES;
				CODE_SIGN_IDENTITY = "iPhone Developer";
				COPY_PHASE_STRIP = NO;
				CURRENT_PROJECT_VERSION = 1;
				DEBUG_INFORMATION_FORMAT = "dwarf-with-dsym";
				ENABLE_NS_ASSERTIONS = NO;
				ENABLE_STRICT_OBJC_MSGSEND = YES;
				GCC_C_LANGUAGE_STANDARD = gnu11;
				GCC_NO_COMMON_BLOCKS = YES;
				GCC_WARN_64_TO_32_BIT_CONVERSION = YES;
				GCC_WARN_ABOUT_RETURN_TYPE = YES_ERROR;
				GCC_WARN_UNDECLARED_SELECTOR = YES;
				GCC_WARN_UNINITIALIZED_AUTOS = YES_AGGRESSIVE;
				GCC_WARN_UNUSED_FUNCTION = YES;
				GCC_WARN_UNUSED_VARIABLE = YES;
				IPHONEOS_DEPLOYMENT_TARGET = 11.0;
				MTL_ENABLE_DEBUG_INFO = NO;
				MTL_FAST_MATH = YES;
				SDKROOT = iphoneos;
				SWIFT_COMPILATION_MODE = wholemodule;
				SWIFT_OPTIMIZATION_LEVEL = "-O";
				VALIDATE_PRODUCT = YES;
				VERSIONING_SYSTEM = "apple-generic";
				VERSION_INFO_PREFIX = "";
			};
			name = Release;
		};
		724CEE1422E8D07100650499 /* Debug */ = {
			isa = XCBuildConfiguration;
			buildSettings = {
				CODE_SIGN_IDENTITY = "";
				CODE_SIGN_STYLE = Automatic;
				DEFINES_MODULE = YES;
				DYLIB_COMPATIBILITY_VERSION = 1;
				DYLIB_CURRENT_VERSION = 1;
				DYLIB_INSTALL_NAME_BASE = "@rpath";
				INFOPLIST_FILE = AppleCore/Info.plist;
				INSTALL_PATH = "$(LOCAL_LIBRARY_DIR)/Frameworks";
				LD_RUNPATH_SEARCH_PATHS = (
					"$(inherited)",
					"@executable_path/Frameworks",
					"@loader_path/Frameworks",
				);
				PRODUCT_BUNDLE_IDENTIFIER = com.talech.AppleCore;
				PRODUCT_NAME = "$(TARGET_NAME:c99extidentifier)";
				SKIP_INSTALL = YES;
				SWIFT_VERSION = 5.0;
				TARGETED_DEVICE_FAMILY = "1,2";
			};
			name = Debug;
		};
		724CEE1522E8D07100650499 /* Release */ = {
			isa = XCBuildConfiguration;
			buildSettings = {
				CODE_SIGN_IDENTITY = "";
				CODE_SIGN_STYLE = Automatic;
				DEFINES_MODULE = YES;
				DYLIB_COMPATIBILITY_VERSION = 1;
				DYLIB_CURRENT_VERSION = 1;
				DYLIB_INSTALL_NAME_BASE = "@rpath";
				INFOPLIST_FILE = AppleCore/Info.plist;
				INSTALL_PATH = "$(LOCAL_LIBRARY_DIR)/Frameworks";
				LD_RUNPATH_SEARCH_PATHS = (
					"$(inherited)",
					"@executable_path/Frameworks",
					"@loader_path/Frameworks",
				);
				PRODUCT_BUNDLE_IDENTIFIER = com.talech.AppleCore;
				PRODUCT_NAME = "$(TARGET_NAME:c99extidentifier)";
				SKIP_INSTALL = YES;
				SWIFT_VERSION = 5.0;
				TARGETED_DEVICE_FAMILY = "1,2";
			};
			name = Release;
		};
		724CEE1722E8D07100650499 /* Debug */ = {
			isa = XCBuildConfiguration;
			buildSettings = {
				ALWAYS_EMBED_SWIFT_STANDARD_LIBRARIES = YES;
				CODE_SIGN_STYLE = Automatic;
				INFOPLIST_FILE = AppleCoreTests/Info.plist;
				LD_RUNPATH_SEARCH_PATHS = (
					"$(inherited)",
					"@executable_path/Frameworks",
					"@loader_path/Frameworks",
				);
				PRODUCT_BUNDLE_IDENTIFIER = com.talech.AppleCoreTests;
				PRODUCT_NAME = "$(TARGET_NAME)";
				SWIFT_VERSION = 5.0;
				TARGETED_DEVICE_FAMILY = "1,2";
			};
			name = Debug;
		};
		724CEE1822E8D07100650499 /* Release */ = {
			isa = XCBuildConfiguration;
			buildSettings = {
				ALWAYS_EMBED_SWIFT_STANDARD_LIBRARIES = YES;
				CODE_SIGN_STYLE = Automatic;
				INFOPLIST_FILE = AppleCoreTests/Info.plist;
				LD_RUNPATH_SEARCH_PATHS = (
					"$(inherited)",
					"@executable_path/Frameworks",
					"@loader_path/Frameworks",
				);
				PRODUCT_BUNDLE_IDENTIFIER = com.talech.AppleCoreTests;
				PRODUCT_NAME = "$(TARGET_NAME)";
				SWIFT_VERSION = 5.0;
				TARGETED_DEVICE_FAMILY = "1,2";
			};
			name = Release;
		};
/* End XCBuildConfiguration section */

/* Begin XCConfigurationList section */
		724CEDF922E8D07100650499 /* Build configuration list for PBXProject "AppleCore" */ = {
			isa = XCConfigurationList;
			buildConfigurations = (
				724CEE1122E8D07100650499 /* Debug */,
				724CEE1222E8D07100650499 /* Release */,
			);
			defaultConfigurationIsVisible = 0;
			defaultConfigurationName = Release;
		};
		724CEE1322E8D07100650499 /* Build configuration list for PBXNativeTarget "AppleCore" */ = {
			isa = XCConfigurationList;
			buildConfigurations = (
				724CEE1422E8D07100650499 /* Debug */,
				724CEE1522E8D07100650499 /* Release */,
			);
			defaultConfigurationIsVisible = 0;
			defaultConfigurationName = Release;
		};
		724CEE1622E8D07100650499 /* Build configuration list for PBXNativeTarget "AppleCoreTests" */ = {
			isa = XCConfigurationList;
			buildConfigurations = (
				724CEE1722E8D07100650499 /* Debug */,
				724CEE1822E8D07100650499 /* Release */,
			);
			defaultConfigurationIsVisible = 0;
			defaultConfigurationName = Release;
		};
/* End XCConfigurationList section */
	};
	rootObject = 724CEDF622E8D07100650499 /* Project object */;
}
